
Microsoft Visual Studio Solution File, Format Version 12.00
# Visual Studio Version 17
VisualStudioVersion = 17.7.34202.233
MinimumVisualStudioVersion = 10.0.40219.1
Project("{FAE04EC0-301F-11D3-BF4B-00C04F79EFBC}") = "BPMN_Incrementer", "BPMN_Incrementer\BPMN_Incrementer.csproj", "{17E4C9AA-1411-475A-A15D-A0C297988225}"
EndProject
Global
	GlobalSection(SolutionConfigurationPlatforms) = preSolution
		Debug|Any CPU = Debug|Any CPU
		Release|Any CPU = Release|Any CPU
	EndGlobalSection
	GlobalSection(ProjectConfigurationPlatforms) = postSolution
		{17E4C9AA-1411-475A-A15D-A0C297988225}.Debug|Any CPU.ActiveCfg = Debug|Any CPU
		{17E4C9AA-1411-475A-A15D-A0C297988225}.Debug|Any CPU.Build.0 = Debug|Any CPU
		{17E4C9AA-1411-475A-A15D-A0C297988225}.Release|Any CPU.ActiveCfg = Release|Any CPU
		{17E4C9AA-1411-475A-A15D-A0C297988225}.Release|Any CPU.Build.0 = Release|Any CPU
	EndGlobalSection
	GlobalSection(SolutionProperties) = preSolution
		HideSolutionNode = FALSE
	EndGlobalSection
	GlobalSection(ExtensibilityGlobals) = postSolution
		SolutionGuid = {39134361-AF1D-49ED-B002-C68B25D8CF9E}
	EndGlobalSection
EndGlobal
